github.com/mitranim/refut v0.1.2 h1:PkJkJC8eWh0shCrrYJBJlN2BYa0oY+v5r0iTUs3haRc=
github.com/mitranim/refut v0.1.2/go.mod h1:9O95AVuyyTxuGH1qXSzuzu0YWWGKKWFYsfHTSX3L1ls=
github.com/mitranim/sqlp v0.1.0 h1:/ZYM9bdo70XyYdu6ZFOmZ3v/MvbMCxYpDrmLF21cUQ8=
github.com/mitranim/sqlp v0.1.0/go.mod h1:vrhmoh9WgH5W1aAdte8pIPNYFR6xtXAS6yVOmMIwwU8=
