github.com/mitranim/refut v0.1.2 h1:PkJkJC8eWh0shCrrYJBJlN2BYa0oY+v5r0iTUs3haRc=
github.com/mitranim/refut v0.1.2/go.mod h1:9O95AVuyyTxuGH1qXSzuzu0YWWGKKWFYsfHTSX3L1ls=
github.com/mitranim/sqlp v0.1.4 h1:76Evw8lwaRL/Jh3I/NlDKnQI+TkM2qebiB+XUXMmfKQ=
github.com/mitranim/sqlp v0.1.4/go.mod h1:vrhmoh9WgH5W1aAdte8pIPNYFR6xtXAS6yVOmMIwwU8=
